
Microsoft Visual Studio Solution File, Format Version 12.00
# Visual Studio Version 16
VisualStudioVersion = 16.0.29911.84
MinimumVisualStudioVersion = 10.0.40219.1
Project("{FAE04EC0-301F-11D3-BF4B-00C04F79EFBC}") = "200320", "200320\200320.csproj", "{2E7B3F6B-E44D-4638-8BE9-1BCFEACD432A}"
EndProject
Global
	GlobalSection(SolutionConfigurationPlatforms) = preSolution
		Debug|Any CPU = Debug|Any CPU
		Release|Any CPU = Release|Any CPU
	EndGlobalSection
	GlobalSection(ProjectConfigurationPlatforms) = postSolution
		{2E7B3F6B-E44D-4638-8BE9-1BCFEACD432A}.Debug|Any CPU.ActiveCfg = Debug|Any CPU
		{2E7B3F6B-E44D-4638-8BE9-1BCFEACD432A}.Debug|Any CPU.Build.0 = Debug|Any CPU
		{2E7B3F6B-E44D-4638-8BE9-1BCFEACD432A}.Release|Any CPU.ActiveCfg = Release|Any CPU
		{2E7B3F6B-E44D-4638-8BE9-1BCFEACD432A}.Release|Any CPU.Build.0 = Release|Any CPU
	EndGlobalSection
	GlobalSection(SolutionProperties) = preSolution
		HideSolutionNode = FALSE
	EndGlobalSection
	GlobalSection(ExtensibilityGlobals) = postSolution
		SolutionGuid = {0470131D-2B02-4F07-AF26-4571D9CC6DE9}
	EndGlobalSection
EndGlobal
